
Microsoft Visual Studio Solution File, Format Version 12.00
# Visual Studio 15
VisualStudioVersion = 15.0.28307.902
MinimumVisualStudioVersion = 10.0.40219.1
Project("{FAE04EC0-301F-11D3-BF4B-00C04F79EFBC}") = "SistemaDeViajes", "SistemaDeViajes\SistemaDeViajes.csproj", "{B979820F-B814-4D2C-AE4C-23DA0F1747DF}"
EndProject
Global
	GlobalSection(SolutionConfigurationPlatforms) = preSolution
		Debug|Any CPU = Debug|Any CPU
		Release|Any CPU = Release|Any CPU
	EndGlobalSection
	GlobalSection(ProjectConfigurationPlatforms) = postSolution
		{B979820F-B814-4D2C-AE4C-23DA0F1747DF}.Debug|Any CPU.ActiveCfg = Debug|Any CPU
		{B979820F-B814-4D2C-AE4C-23DA0F1747DF}.Debug|Any CPU.Build.0 = Debug|Any CPU
		{B979820F-B814-4D2C-AE4C-23DA0F1747DF}.Release|Any CPU.ActiveCfg = Release|Any CPU
		{B979820F-B814-4D2C-AE4C-23DA0F1747DF}.Release|Any CPU.Build.0 = Release|Any CPU
	EndGlobalSection
	GlobalSection(SolutionProperties) = preSolution
		HideSolutionNode = FALSE
	EndGlobalSection
	GlobalSection(ExtensibilityGlobals) = postSolution
		SolutionGuid = {1232AC6D-40F2-4310-94C3-E4A9ED0AD094}
	EndGlobalSection
	GlobalSection(TeamFoundationVersionControl) = preSolution
		SccNumberOfProjects = 2
		SccEnterpriseProvider = {4CA58AB2-18FA-4F8D-95D4-32DDF27D184C}
		SccTeamFoundationServer = https://dev.azure.com/UASLP-Esau-Proyects
		SccLocalPath0 = .
		SccProjectUniqueName1 = SistemaDeViajes\\SistemaDeViajes.csproj
		SccProjectName1 = SistemaDeViajes
		SccLocalPath1 = SistemaDeViajes
	EndGlobalSection
EndGlobal
